
Microsoft Visual Studio Solution File, Format Version 12.00
# Visual Studio Version 17
VisualStudioVersion = 17.14.36202.13
MinimumVisualStudioVersion = 10.0.40219.1
Project("{FAE04EC0-301F-11D3-BF4B-00C04F79EFBC}") = "RescueSystem.Contracts", "Rescue System Class Library\RescueSystem.Contracts.csproj", "{A140F362-09B9-4A15-A660-EE65C80BB005}"
EndProject
Global
	GlobalSection(SolutionConfigurationPlatforms) = preSolution
		Debug|Any CPU = Debug|Any CPU
		Release|Any CPU = Release|Any CPU
	EndGlobalSection
	GlobalSection(ProjectConfigurationPlatforms) = postSolution
		{A140F362-09B9-4A15-A660-EE65C80BB005}.Debug|Any CPU.ActiveCfg = Debug|Any CPU
		{A140F362-09B9-4A15-A660-EE65C80BB005}.Debug|Any CPU.Build.0 = Debug|Any CPU
		{A140F362-09B9-4A15-A660-EE65C80BB005}.Release|Any CPU.ActiveCfg = Release|Any CPU
		{A140F362-09B9-4A15-A660-EE65C80BB005}.Release|Any CPU.Build.0 = Release|Any CPU
	EndGlobalSection
	GlobalSection(SolutionProperties) = preSolution
		HideSolutionNode = FALSE
	EndGlobalSection
	GlobalSection(ExtensibilityGlobals) = postSolution
		SolutionGuid = {C002A4D2-85FE-497D-97CD-AADFF41539A8}
	EndGlobalSection
EndGlobal
